# Generated by move; do not edit
# This file should be checked in.

[move]
version = 4

[pinned.mainnet.MoveStdlib]
source = { git = "https://github.com/MystenLabs/sui.git", subdir = 'crates\sui-framework\packages\move-stdlib', rev = "367fd808279bed26f7c64fc63160062a2ee29ab7" }
use_environment = "mainnet"
manifest_digest = "C4FE4C91DE74CBF223B2E380AE40F592177D21870DC2D7EB6227D2D694E05363"
deps = {}

[pinned.mainnet.MoveStdlib_1]
source = { git = "https://github.com/MystenLabs/sui.git", subdir = 'crates\sui-framework\packages\move-stdlib', rev = "041c5f2bae2fe52079e44b70514333532d69f4e6" }
use_environment = "mainnet"
manifest_digest = "C4FE4C91DE74CBF223B2E380AE40F592177D21870DC2D7EB6227D2D694E05363"
deps = {}

[pinned.mainnet.Pyth]
source = { git = "https://github.com/pyth-network/pyth-crosschain.git", subdir = 'target_chains\sui\contracts', rev = "3bd1262dcba9518a6901aa6a15f04072799bfb37" }
use_environment = "mainnet"
manifest_digest = "F2C5AF85C4B72C8F6A8132D05DE4F787F4EB80DBFF812331ED65AE599E7DF92A"
deps = { Sui = "Sui_1", Wormhole = "Wormhole" }

[pinned.mainnet.Sui]
source = { git = "https://github.com/MystenLabs/sui.git", subdir = 'crates\sui-framework\packages\sui-framework', rev = "367fd808279bed26f7c64fc63160062a2ee29ab7" }
use_environment = "mainnet"
manifest_digest = "CD547CB1ACCE0880C835DAED2D8FFCB91D56C833AE5240D3AA5B918398263195"
deps = { MoveStdlib = "MoveStdlib" }

[pinned.mainnet.Sui_1]
source = { git = "https://github.com/MystenLabs/sui.git", subdir = 'crates\sui-framework\packages\sui-framework', rev = "041c5f2bae2fe52079e44b70514333532d69f4e6" }
use_environment = "mainnet"
manifest_digest = "CD547CB1ACCE0880C835DAED2D8FFCB91D56C833AE5240D3AA5B918398263195"
deps = { MoveStdlib = "MoveStdlib_1" }

[pinned.mainnet.Wormhole]
source = { git = "https://github.com/wormhole-foundation/wormhole.git", subdir = 'sui\wormhole', rev = "b71be5cbb9537c4aac8e23e74371affa3825efcd" }
use_environment = "mainnet"
manifest_digest = "0D766A0380B75080707CFA6099AF469A2E502B0D9DC334A9E9983B391C5555D9"
deps = { Sui = "Sui_1" }

[pinned.mainnet.pyth_cover_pool]
source = { local = '..\pyth_cover_pool' }
use_environment = "mainnet"
manifest_digest = "41CEAC519A663E3C6E6204759061545D1929590113A9E0FE2A29501C2037B3E6"
deps = { Pyth = "Pyth", Wormhole = "Wormhole", std = "MoveStdlib", sui = "Sui" }

[pinned.mainnet.pyth_lending_demo]
source = { root = true }
use_environment = "mainnet"
manifest_digest = "CAC0E5F51C89AF8CB012853896BD3E06761FBBBC64AED3D49A640C3E29F4F89B"
deps = { Pyth = "Pyth", Wormhole = "Wormhole", pyth_cover_pool = "pyth_cover_pool", std = "MoveStdlib", sui = "Sui" }

[pinned.testnet.MoveStdlib]
source = { git = "https://github.com/MystenLabs/sui.git", subdir = 'crates\sui-framework\packages\move-stdlib', rev = "718ae563a42fb4ba0d055588f81c704dcef58c25" }
use_environment = "testnet"
manifest_digest = "C4FE4C91DE74CBF223B2E380AE40F592177D21870DC2D7EB6227D2D694E05363"
deps = {}

[pinned.testnet.MoveStdlib_1]
source = { git = "https://github.com/MystenLabs/sui.git", subdir = 'crates\sui-framework\packages\move-stdlib', rev = "041c5f2bae2fe52079e44b70514333532d69f4e6" }
use_environment = "testnet"
manifest_digest = "C4FE4C91DE74CBF223B2E380AE40F592177D21870DC2D7EB6227D2D694E05363"
deps = {}

[pinned.testnet.Pyth]
source = { git = "https://github.com/pyth-network/pyth-crosschain.git", subdir = 'target_chains\sui\contracts', rev = "3bd1262dcba9518a6901aa6a15f04072799bfb37" }
use_environment = "testnet"
manifest_digest = "9942AAB3725BC51DADB046B4440A3D008E554C9286ECC72B3DE5CC0309C0D63D"
deps = { Sui = "Sui_1", Wormhole = "Wormhole" }

[pinned.testnet.Sui]
source = { git = "https://github.com/MystenLabs/sui.git", subdir = 'crates\sui-framework\packages\sui-framework', rev = "718ae563a42fb4ba0d055588f81c704dcef58c25" }
use_environment = "testnet"
manifest_digest = "7AFB66695545775FBFBB2D3078ADFD084244D5002392E837FDE21D9EA1C6D01C"
deps = { MoveStdlib = "MoveStdlib" }

[pinned.testnet.Sui_1]
source = { git = "https://github.com/MystenLabs/sui.git", subdir = 'crates\sui-framework\packages\sui-framework', rev = "041c5f2bae2fe52079e44b70514333532d69f4e6" }
use_environment = "testnet"
manifest_digest = "7AFB66695545775FBFBB2D3078ADFD084244D5002392E837FDE21D9EA1C6D01C"
deps = { MoveStdlib = "MoveStdlib_1" }

[pinned.testnet.Wormhole]
source = { git = "https://github.com/wormhole-foundation/wormhole.git", subdir = 'sui\wormhole', rev = "b71be5cbb9537c4aac8e23e74371affa3825efcd" }
use_environment = "testnet"
manifest_digest = "6996F1AB8CD448FFBA142C085C488FE8A46B485E61E38A1891EFA52B30D9C12E"
deps = { Sui = "Sui_1" }

[pinned.testnet.pyth_cover_pool]
source = { local = '..\pyth_cover_pool' }
use_environment = "testnet"
manifest_digest = "BFF263253080A2C4C8D67D75ED6C205E1D667275E21A879396B213ABDCD2323D"
deps = { Pyth = "Pyth", Wormhole = "Wormhole", std = "MoveStdlib", sui = "Sui" }

[pinned.testnet.pyth_lending_demo]
source = { root = true }
use_environment = "testnet"
manifest_digest = "82D9F7E4DA96AB01499C013F5976595F3531E2FD74E78803544BA68F9BD39C2A"
deps = { Pyth = "Pyth", Wormhole = "Wormhole", pyth_cover_pool = "pyth_cover_pool", std = "MoveStdlib", sui = "Sui" }
